
Microsoft Visual Studio Solution File, Format Version 12.00
# Visual Studio 2012
Project("{4B160523-D178-4405-B438-79FB67C8D499}") = "SerDigital", "SerDigital\SerDigital.nomadproj", "{A4A619AF-0FDE-4659-A06B-750373A37832}"
EndProject
Global
	GlobalSection(SolutionConfigurationPlatforms) = preSolution
		Debug|x86 = Debug|x86
		Release|x86 = Release|x86
	EndGlobalSection
	GlobalSection(ProjectConfigurationPlatforms) = postSolution
		{A4A619AF-0FDE-4659-A06B-750373A37832}.Debug|x86.ActiveCfg = Debug|x86
		{A4A619AF-0FDE-4659-A06B-750373A37832}.Debug|x86.Build.0 = Debug|x86
		{A4A619AF-0FDE-4659-A06B-750373A37832}.Release|x86.ActiveCfg = Release|x86
		{A4A619AF-0FDE-4659-A06B-750373A37832}.Release|x86.Build.0 = Release|x86
	EndGlobalSection
	GlobalSection(SolutionProperties) = preSolution
		HideSolutionNode = FALSE
	EndGlobalSection
EndGlobal
